
Microsoft Visual Studio Solution File, Format Version 12.00
# Visual Studio 15
VisualStudioVersion = 15.0.28307.136
MinimumVisualStudioVersion = 10.0.40219.1
Project("{FAE04EC0-301F-11D3-BF4B-00C04F79EFBC}") = "string", "string\string.csproj", "{8410FD47-0CE9-4AD3-B26B-19B4384F864E}"
EndProject
Global
	GlobalSection(SolutionConfigurationPlatforms) = preSolution
		Debug|Any CPU = Debug|Any CPU
		Release|Any CPU = Release|Any CPU
	EndGlobalSection
	GlobalSection(ProjectConfigurationPlatforms) = postSolution
		{8410FD47-0CE9-4AD3-B26B-19B4384F864E}.Debug|Any CPU.ActiveCfg = Debug|Any CPU
		{8410FD47-0CE9-4AD3-B26B-19B4384F864E}.Debug|Any CPU.Build.0 = Debug|Any CPU
		{8410FD47-0CE9-4AD3-B26B-19B4384F864E}.Release|Any CPU.ActiveCfg = Release|Any CPU
		{8410FD47-0CE9-4AD3-B26B-19B4384F864E}.Release|Any CPU.Build.0 = Release|Any CPU
	EndGlobalSection
	GlobalSection(SolutionProperties) = preSolution
		HideSolutionNode = FALSE
	EndGlobalSection
	GlobalSection(ExtensibilityGlobals) = postSolution
		SolutionGuid = {F211E86E-A810-4A22-9014-D8C42FCFCBD4}
	EndGlobalSection
EndGlobal
